
Microsoft Visual Studio Solution File, Format Version 12.00
# Visual Studio Version 17
VisualStudioVersion = 17.11.35222.181
MinimumVisualStudioVersion = 10.0.40219.1
Project("{FAE04EC0-301F-11D3-BF4B-00C04F79EFBC}") = "BaiTap07", "BaiTap07.csproj", "{801DCC20-3126-4650-B5B6-3F1DCC945E23}"
EndProject
Global
	GlobalSection(SolutionConfigurationPlatforms) = preSolution
		Debug|Any CPU = Debug|Any CPU
		Release|Any CPU = Release|Any CPU
	EndGlobalSection
	GlobalSection(ProjectConfigurationPlatforms) = postSolution
		{801DCC20-3126-4650-B5B6-3F1DCC945E23}.Debug|Any CPU.ActiveCfg = Debug|Any CPU
		{801DCC20-3126-4650-B5B6-3F1DCC945E23}.Debug|Any CPU.Build.0 = Debug|Any CPU
		{801DCC20-3126-4650-B5B6-3F1DCC945E23}.Release|Any CPU.ActiveCfg = Release|Any CPU
		{801DCC20-3126-4650-B5B6-3F1DCC945E23}.Release|Any CPU.Build.0 = Release|Any CPU
	EndGlobalSection
	GlobalSection(SolutionProperties) = preSolution
		HideSolutionNode = FALSE
	EndGlobalSection
	GlobalSection(ExtensibilityGlobals) = postSolution
		SolutionGuid = {9471F7CC-2856-4D57-A1A7-825C7B0D681A}
	EndGlobalSection
EndGlobal
