
Microsoft Visual Studio Solution File, Format Version 12.00
# Visual Studio Version 17
VisualStudioVersion = 17.11.35222.181
MinimumVisualStudioVersion = 10.0.40219.1
Project("{FAE04EC0-301F-11D3-BF4B-00C04F79EFBC}") = "BTVN-01", "BTVN-01\BTVN-01.csproj", "{A87AD165-40AB-4376-8C78-8AD4AAF8601E}"
EndProject
Global
	GlobalSection(SolutionConfigurationPlatforms) = preSolution
		Debug|Any CPU = Debug|Any CPU
		Release|Any CPU = Release|Any CPU
	EndGlobalSection
	GlobalSection(ProjectConfigurationPlatforms) = postSolution
		{A87AD165-40AB-4376-8C78-8AD4AAF8601E}.Debug|Any CPU.ActiveCfg = Debug|Any CPU
		{A87AD165-40AB-4376-8C78-8AD4AAF8601E}.Debug|Any CPU.Build.0 = Debug|Any CPU
		{A87AD165-40AB-4376-8C78-8AD4AAF8601E}.Release|Any CPU.ActiveCfg = Release|Any CPU
		{A87AD165-40AB-4376-8C78-8AD4AAF8601E}.Release|Any CPU.Build.0 = Release|Any CPU
	EndGlobalSection
	GlobalSection(SolutionProperties) = preSolution
		HideSolutionNode = FALSE
	EndGlobalSection
	GlobalSection(ExtensibilityGlobals) = postSolution
		SolutionGuid = {CD7D9987-DF80-472E-8190-32E49E3CBDF3}
	EndGlobalSection
EndGlobal
