
Microsoft Visual Studio Solution File, Format Version 12.00
# Visual Studio Version 17
VisualStudioVersion = 17.11.35222.181
MinimumVisualStudioVersion = 10.0.40219.1
Project("{FAE04EC0-301F-11D3-BF4B-00C04F79EFBC}") = "Project", "Project.csproj", "{D52138AA-7F7F-4CB6-A6AE-A014C66F93E4}"
EndProject
Global
	GlobalSection(SolutionConfigurationPlatforms) = preSolution
		Debug|Any CPU = Debug|Any CPU
		Release|Any CPU = Release|Any CPU
	EndGlobalSection
	GlobalSection(ProjectConfigurationPlatforms) = postSolution
		{D52138AA-7F7F-4CB6-A6AE-A014C66F93E4}.Debug|Any CPU.ActiveCfg = Debug|Any CPU
		{D52138AA-7F7F-4CB6-A6AE-A014C66F93E4}.Debug|Any CPU.Build.0 = Debug|Any CPU
		{D52138AA-7F7F-4CB6-A6AE-A014C66F93E4}.Release|Any CPU.ActiveCfg = Release|Any CPU
		{D52138AA-7F7F-4CB6-A6AE-A014C66F93E4}.Release|Any CPU.Build.0 = Release|Any CPU
	EndGlobalSection
	GlobalSection(SolutionProperties) = preSolution
		HideSolutionNode = FALSE
	EndGlobalSection
	GlobalSection(ExtensibilityGlobals) = postSolution
		SolutionGuid = {F98118FF-BF1F-4145-ABA7-A13E3D6B6831}
	EndGlobalSection
EndGlobal
