
Microsoft Visual Studio Solution File, Format Version 12.00
# Visual Studio Version 17
VisualStudioVersion = 17.7.34024.191
MinimumVisualStudioVersion = 10.0.40219.1
Project("{FAE04EC0-301F-11D3-BF4B-00C04F79EFBC}") = "BT01", "BT01\BT01.csproj", "{9E918454-D4C7-489D-9DAE-578C9CEBAC47}"
EndProject
Global
	GlobalSection(SolutionConfigurationPlatforms) = preSolution
		Debug|Any CPU = Debug|Any CPU
		Release|Any CPU = Release|Any CPU
	EndGlobalSection
	GlobalSection(ProjectConfigurationPlatforms) = postSolution
		{9E918454-D4C7-489D-9DAE-578C9CEBAC47}.Debug|Any CPU.ActiveCfg = Debug|Any CPU
		{9E918454-D4C7-489D-9DAE-578C9CEBAC47}.Debug|Any CPU.Build.0 = Debug|Any CPU
		{9E918454-D4C7-489D-9DAE-578C9CEBAC47}.Release|Any CPU.ActiveCfg = Release|Any CPU
		{9E918454-D4C7-489D-9DAE-578C9CEBAC47}.Release|Any CPU.Build.0 = Release|Any CPU
	EndGlobalSection
	GlobalSection(SolutionProperties) = preSolution
		HideSolutionNode = FALSE
	EndGlobalSection
	GlobalSection(ExtensibilityGlobals) = postSolution
		SolutionGuid = {7CE982D9-7A4B-46F2-A969-A61071062891}
	EndGlobalSection
EndGlobal
